{
  "nodes": {
    "base16": {
      "inputs": {
        "fromYaml": "fromYaml"
      },
      "locked": {
        "lastModified": 1721224776,
        "narHash": "sha256-iakVQHg2DSmdOc5dNBwrDt9JLRxX5MT+IIbxfZEpGdo=",
        "owner": "SenchoPens",
        "repo": "base16.nix",
        "rev": "c89c8123310257f3ddc04cc59aa4b5573c6d515f",
        "type": "github"
      },
      "original": {
        "owner": "SenchoPens",
        "repo": "base16.nix",
        "type": "github"
      }
    },
    "dot013-environment": {
      "inputs": {
        "nixpkgs": [
          "nixpkgs-unstable"
        ]
      },
      "locked": {
        "lastModified": 1727821268,
        "narHash": "sha256-srmDcHG8L5q8RoWiXYvq8qhwkMheFjpuXyW7M3HFjuk=",
        "owner": "dot013",
        "repo": "environment",
        "rev": "a1a9da1ddca5b3560dbc435f37b5e7095493f486",
        "type": "github"
      },
      "original": {
        "owner": "dot013",
        "repo": "environment",
        "type": "github"
      }
    },
    "frappurccino-forgejo": {
      "inputs": {
        "gitignore": "gitignore",
        "nixpkgs": [
          "nixpkgs"
        ]
      },
      "locked": {
        "lastModified": 1726239025,
        "narHash": "sha256-9INgfUmWSE4kT/0niKvpqhuesP4FR7lBplaKfHm/q+g=",
        "ref": "refs/heads/main",
        "rev": "b24a35a56013a760515198fae58ce8711a22d05c",
        "revCount": 54,
        "type": "git",
        "url": "https://forgejo.capytal.company/capytal/frappurccino-forgejo"
      },
      "original": {
        "type": "git",
        "url": "https://forgejo.capytal.company/capytal/frappurccino-forgejo"
      }
    },
    "fromYaml": {
      "flake": false,
      "locked": {
        "lastModified": 1721222302,
        "narHash": "sha256-5vL4w9+tS9yd8WpIiDUtxN1IuxCVK2nebZMs/hCXXis=",
        "owner": "SenchoPens",
        "repo": "fromYaml",
        "rev": "93bad85d1633b8b27287b438c0bd394094c24d06",
        "type": "github"
      },
      "original": {
        "owner": "SenchoPens",
        "repo": "fromYaml",
        "type": "github"
      }
    },
    "gitignore": {
      "inputs": {
        "nixpkgs": [
          "frappurccino-forgejo",
          "nixpkgs"
        ]
      },
      "locked": {
        "lastModified": 1709087332,
        "narHash": "sha256-HG2cCnktfHsKV0s4XW83gU3F57gaTljL9KNSuG6bnQs=",
        "owner": "hercules-ci",
        "repo": "gitignore.nix",
        "rev": "637db329424fd7e46cf4185293b9cc8c88c95394",
        "type": "github"
      },
      "original": {
        "owner": "hercules-ci",
        "repo": "gitignore.nix",
        "type": "github"
      }
    },
    "home-manager": {
      "inputs": {
        "nixpkgs": [
          "nixpkgs"
        ]
      },
      "locked": {
        "lastModified": 1726989464,
        "narHash": "sha256-Vl+WVTJwutXkimwGprnEtXc/s/s8sMuXzqXaspIGlwM=",
        "owner": "nix-community",
        "repo": "home-manager",
        "rev": "2f23fa308a7c067e52dfcc30a0758f47043ec176",
        "type": "github"
      },
      "original": {
        "owner": "nix-community",
        "ref": "release-24.05",
        "repo": "home-manager",
        "type": "github"
      }
    },
    "nix-index-database": {
      "inputs": {
        "nixpkgs": [
          "nixpkgs"
        ]
      },
      "locked": {
        "lastModified": 1729999765,
        "narHash": "sha256-LYsavZXitFjjyETZoij8usXjTa7fa9AIF3Sk3MJSX+Y=",
        "owner": "Mic92",
        "repo": "nix-index-database",
        "rev": "0e3a8778c2ee218eff8de6aacf3d2fa6c33b2d4f",
        "type": "github"
      },
      "original": {
        "owner": "Mic92",
        "repo": "nix-index-database",
        "type": "github"
      }
    },
    "nixpkgs": {
      "locked": {
        "lastModified": 1730327045,
        "narHash": "sha256-xKel5kd1AbExymxoIfQ7pgcX6hjw9jCgbiBjiUfSVJ8=",
        "owner": "nixos",
        "repo": "nixpkgs",
        "rev": "080166c15633801df010977d9d7474b4a6c549d7",
        "type": "github"
      },
      "original": {
        "owner": "nixos",
        "ref": "nixos-24.05",
        "repo": "nixpkgs",
        "type": "github"
      }
    },
    "nixpkgs-stable": {
      "locked": {
        "lastModified": 1729973466,
        "narHash": "sha256-knnVBGfTCZlQgxY1SgH0vn2OyehH9ykfF8geZgS95bk=",
        "owner": "NixOS",
        "repo": "nixpkgs",
        "rev": "cd3e8833d70618c4eea8df06f95b364b016d4950",
        "type": "github"
      },
      "original": {
        "owner": "NixOS",
        "ref": "release-24.05",
        "repo": "nixpkgs",
        "type": "github"
      }
    },
    "nixpkgs-unstable": {
      "locked": {
        "lastModified": 1730200266,
        "narHash": "sha256-l253w0XMT8nWHGXuXqyiIC/bMvh1VRszGXgdpQlfhvU=",
        "owner": "nixos",
        "repo": "nixpkgs",
        "rev": "807e9154dcb16384b1b765ebe9cd2bba2ac287fd",
        "type": "github"
      },
      "original": {
        "owner": "nixos",
        "ref": "nixos-unstable",
        "repo": "nixpkgs",
        "type": "github"
      }
    },
    "root": {
      "inputs": {
        "base16": "base16",
        "dot013-environment": "dot013-environment",
        "frappurccino-forgejo": "frappurccino-forgejo",
        "home-manager": "home-manager",
        "nix-index-database": "nix-index-database",
        "nixpkgs": "nixpkgs",
        "nixpkgs-unstable": "nixpkgs-unstable",
        "sops-nix": "sops-nix"
      }
    },
    "sops-nix": {
      "inputs": {
        "nixpkgs": [
          "nixpkgs"
        ],
        "nixpkgs-stable": "nixpkgs-stable"
      },
      "locked": {
        "lastModified": 1729999681,
        "narHash": "sha256-qm0uCtM9bg97LeJTKQ8dqV/FvqRN+ompyW4GIJruLuw=",
        "owner": "Mic92",
        "repo": "sops-nix",
        "rev": "1666d16426abe79af5c47b7c0efa82fd31bf4c56",
        "type": "github"
      },
      "original": {
        "owner": "Mic92",
        "repo": "sops-nix",
        "type": "github"
      }
    }
  },
  "root": "root",
  "version": 7
}
